
Microsoft Visual Studio Solution File, Format Version 12.00
# Visual Studio Version 17
VisualStudioVersion = 17.0.31903.59
MinimumVisualStudioVersion = 10.0.40219.1
Project("{FAE04EC0-301F-11D3-BF4B-00C04F79EFBC}") = "Termoo", "Termoo\Termoo.csproj", "{DD702379-727D-41EC-A20B-1B4F69A17FEF}"
EndProject
Project("{FAE04EC0-301F-11D3-BF4B-00C04F79EFBC}") = "Tests", "Tests\Tests.csproj", "{4CD05D7F-D167-4349-9B0A-8D1025AAB343}"
EndProject
Global
	GlobalSection(SolutionConfigurationPlatforms) = preSolution
		Debug|Any CPU = Debug|Any CPU
		Release|Any CPU = Release|Any CPU
	EndGlobalSection
	GlobalSection(SolutionProperties) = preSolution
		HideSolutionNode = FALSE
	EndGlobalSection
	GlobalSection(ProjectConfigurationPlatforms) = postSolution
		{DD702379-727D-41EC-A20B-1B4F69A17FEF}.Debug|Any CPU.ActiveCfg = Debug|Any CPU
		{DD702379-727D-41EC-A20B-1B4F69A17FEF}.Debug|Any CPU.Build.0 = Debug|Any CPU
		{DD702379-727D-41EC-A20B-1B4F69A17FEF}.Release|Any CPU.ActiveCfg = Release|Any CPU
		{DD702379-727D-41EC-A20B-1B4F69A17FEF}.Release|Any CPU.Build.0 = Release|Any CPU
		{4CD05D7F-D167-4349-9B0A-8D1025AAB343}.Debug|Any CPU.ActiveCfg = Debug|Any CPU
		{4CD05D7F-D167-4349-9B0A-8D1025AAB343}.Debug|Any CPU.Build.0 = Debug|Any CPU
		{4CD05D7F-D167-4349-9B0A-8D1025AAB343}.Release|Any CPU.ActiveCfg = Release|Any CPU
		{4CD05D7F-D167-4349-9B0A-8D1025AAB343}.Release|Any CPU.Build.0 = Release|Any CPU
	EndGlobalSection
EndGlobal
